
Microsoft Visual Studio Solution File, Format Version 12.00
# Visual Studio 15
VisualStudioVersion = 15.0.26124.0
MinimumVisualStudioVersion = 15.0.26124.0
Project("{FAE04EC0-301F-11D3-BF4B-00C04F79EFBC}") = "Dictionaries", "Dictionaries\Dictionaries.csproj", "{E8DF91E4-B680-498F-86D9-A8A5FD646040}"
EndProject
Project("{FAE04EC0-301F-11D3-BF4B-00C04F79EFBC}") = "Lists", "Lists\Lists.csproj", "{7B01C1F3-307E-4240-A67C-4D90890611BD}"
EndProject
Project("{FAE04EC0-301F-11D3-BF4B-00C04F79EFBC}") = "WordCounter", "WordCounter\WordCounter.csproj", "{AF60A25A-12CD-4ADB-B85F-8E415F276064}"
EndProject
Project("{FAE04EC0-301F-11D3-BF4B-00C04F79EFBC}") = "Netflix", "Netflix\Netflix.csproj", "{C5B2B0A0-631D-4250-8F03-8C4EC8EB5F14}"
EndProject
Project("{FAE04EC0-301F-11D3-BF4B-00C04F79EFBC}") = "LucasLib", "LucasLib\LucasLib.csproj", "{66A6EA8C-60E4-40BB-89D6-4D7AB1123205}"
EndProject
Global
	GlobalSection(SolutionConfigurationPlatforms) = preSolution
		Debug|Any CPU = Debug|Any CPU
		Debug|x64 = Debug|x64
		Debug|x86 = Debug|x86
		Release|Any CPU = Release|Any CPU
		Release|x64 = Release|x64
		Release|x86 = Release|x86
	EndGlobalSection
	GlobalSection(SolutionProperties) = preSolution
		HideSolutionNode = FALSE
	EndGlobalSection
	GlobalSection(ProjectConfigurationPlatforms) = postSolution
		{E4D5BE68-B77C-4899-9DC6-D8EFF71629F9}.Debug|Any CPU.ActiveCfg = Debug|Any CPU
		{E4D5BE68-B77C-4899-9DC6-D8EFF71629F9}.Debug|Any CPU.Build.0 = Debug|Any CPU
		{E4D5BE68-B77C-4899-9DC6-D8EFF71629F9}.Debug|x64.ActiveCfg = Debug|Any CPU
		{E4D5BE68-B77C-4899-9DC6-D8EFF71629F9}.Debug|x64.Build.0 = Debug|Any CPU
		{E4D5BE68-B77C-4899-9DC6-D8EFF71629F9}.Debug|x86.ActiveCfg = Debug|Any CPU
		{E4D5BE68-B77C-4899-9DC6-D8EFF71629F9}.Debug|x86.Build.0 = Debug|Any CPU
		{E4D5BE68-B77C-4899-9DC6-D8EFF71629F9}.Release|Any CPU.ActiveCfg = Release|Any CPU
		{E4D5BE68-B77C-4899-9DC6-D8EFF71629F9}.Release|Any CPU.Build.0 = Release|Any CPU
		{E4D5BE68-B77C-4899-9DC6-D8EFF71629F9}.Release|x64.ActiveCfg = Release|Any CPU
		{E4D5BE68-B77C-4899-9DC6-D8EFF71629F9}.Release|x64.Build.0 = Release|Any CPU
		{E4D5BE68-B77C-4899-9DC6-D8EFF71629F9}.Release|x86.ActiveCfg = Release|Any CPU
		{E4D5BE68-B77C-4899-9DC6-D8EFF71629F9}.Release|x86.Build.0 = Release|Any CPU
		{B725D3EF-45B6-45B6-BC3B-502000B5D75D}.Debug|Any CPU.ActiveCfg = Debug|Any CPU
		{B725D3EF-45B6-45B6-BC3B-502000B5D75D}.Debug|Any CPU.Build.0 = Debug|Any CPU
		{B725D3EF-45B6-45B6-BC3B-502000B5D75D}.Debug|x64.ActiveCfg = Debug|Any CPU
		{B725D3EF-45B6-45B6-BC3B-502000B5D75D}.Debug|x64.Build.0 = Debug|Any CPU
		{B725D3EF-45B6-45B6-BC3B-502000B5D75D}.Debug|x86.ActiveCfg = Debug|Any CPU
		{B725D3EF-45B6-45B6-BC3B-502000B5D75D}.Debug|x86.Build.0 = Debug|Any CPU
		{B725D3EF-45B6-45B6-BC3B-502000B5D75D}.Release|Any CPU.ActiveCfg = Release|Any CPU
		{B725D3EF-45B6-45B6-BC3B-502000B5D75D}.Release|Any CPU.Build.0 = Release|Any CPU
		{B725D3EF-45B6-45B6-BC3B-502000B5D75D}.Release|x64.ActiveCfg = Release|Any CPU
		{B725D3EF-45B6-45B6-BC3B-502000B5D75D}.Release|x64.Build.0 = Release|Any CPU
		{B725D3EF-45B6-45B6-BC3B-502000B5D75D}.Release|x86.ActiveCfg = Release|Any CPU
		{B725D3EF-45B6-45B6-BC3B-502000B5D75D}.Release|x86.Build.0 = Release|Any CPU
		{22DA15EB-D25C-4561-A058-735616D449D7}.Debug|Any CPU.ActiveCfg = Debug|Any CPU
		{22DA15EB-D25C-4561-A058-735616D449D7}.Debug|Any CPU.Build.0 = Debug|Any CPU
		{22DA15EB-D25C-4561-A058-735616D449D7}.Debug|x64.ActiveCfg = Debug|Any CPU
		{22DA15EB-D25C-4561-A058-735616D449D7}.Debug|x64.Build.0 = Debug|Any CPU
		{22DA15EB-D25C-4561-A058-735616D449D7}.Debug|x86.ActiveCfg = Debug|Any CPU
		{22DA15EB-D25C-4561-A058-735616D449D7}.Debug|x86.Build.0 = Debug|Any CPU
		{22DA15EB-D25C-4561-A058-735616D449D7}.Release|Any CPU.ActiveCfg = Release|Any CPU
		{22DA15EB-D25C-4561-A058-735616D449D7}.Release|Any CPU.Build.0 = Release|Any CPU
		{22DA15EB-D25C-4561-A058-735616D449D7}.Release|x64.ActiveCfg = Release|Any CPU
		{22DA15EB-D25C-4561-A058-735616D449D7}.Release|x64.Build.0 = Release|Any CPU
		{22DA15EB-D25C-4561-A058-735616D449D7}.Release|x86.ActiveCfg = Release|Any CPU
		{22DA15EB-D25C-4561-A058-735616D449D7}.Release|x86.Build.0 = Release|Any CPU
		{E8DF91E4-B680-498F-86D9-A8A5FD646040}.Debug|Any CPU.ActiveCfg = Debug|Any CPU
		{E8DF91E4-B680-498F-86D9-A8A5FD646040}.Debug|Any CPU.Build.0 = Debug|Any CPU
		{E8DF91E4-B680-498F-86D9-A8A5FD646040}.Debug|x64.ActiveCfg = Debug|Any CPU
		{E8DF91E4-B680-498F-86D9-A8A5FD646040}.Debug|x64.Build.0 = Debug|Any CPU
		{E8DF91E4-B680-498F-86D9-A8A5FD646040}.Debug|x86.ActiveCfg = Debug|Any CPU
		{E8DF91E4-B680-498F-86D9-A8A5FD646040}.Debug|x86.Build.0 = Debug|Any CPU
		{E8DF91E4-B680-498F-86D9-A8A5FD646040}.Release|Any CPU.ActiveCfg = Release|Any CPU
		{E8DF91E4-B680-498F-86D9-A8A5FD646040}.Release|Any CPU.Build.0 = Release|Any CPU
		{E8DF91E4-B680-498F-86D9-A8A5FD646040}.Release|x64.ActiveCfg = Release|Any CPU
		{E8DF91E4-B680-498F-86D9-A8A5FD646040}.Release|x64.Build.0 = Release|Any CPU
		{E8DF91E4-B680-498F-86D9-A8A5FD646040}.Release|x86.ActiveCfg = Release|Any CPU
		{E8DF91E4-B680-498F-86D9-A8A5FD646040}.Release|x86.Build.0 = Release|Any CPU
		{7B01C1F3-307E-4240-A67C-4D90890611BD}.Debug|Any CPU.ActiveCfg = Debug|Any CPU
		{7B01C1F3-307E-4240-A67C-4D90890611BD}.Debug|Any CPU.Build.0 = Debug|Any CPU
		{7B01C1F3-307E-4240-A67C-4D90890611BD}.Debug|x64.ActiveCfg = Debug|Any CPU
		{7B01C1F3-307E-4240-A67C-4D90890611BD}.Debug|x64.Build.0 = Debug|Any CPU
		{7B01C1F3-307E-4240-A67C-4D90890611BD}.Debug|x86.ActiveCfg = Debug|Any CPU
		{7B01C1F3-307E-4240-A67C-4D90890611BD}.Debug|x86.Build.0 = Debug|Any CPU
		{7B01C1F3-307E-4240-A67C-4D90890611BD}.Release|Any CPU.ActiveCfg = Release|Any CPU
		{7B01C1F3-307E-4240-A67C-4D90890611BD}.Release|Any CPU.Build.0 = Release|Any CPU
		{7B01C1F3-307E-4240-A67C-4D90890611BD}.Release|x64.ActiveCfg = Release|Any CPU
		{7B01C1F3-307E-4240-A67C-4D90890611BD}.Release|x64.Build.0 = Release|Any CPU
		{7B01C1F3-307E-4240-A67C-4D90890611BD}.Release|x86.ActiveCfg = Release|Any CPU
		{7B01C1F3-307E-4240-A67C-4D90890611BD}.Release|x86.Build.0 = Release|Any CPU
		{AF60A25A-12CD-4ADB-B85F-8E415F276064}.Debug|Any CPU.ActiveCfg = Debug|Any CPU
		{AF60A25A-12CD-4ADB-B85F-8E415F276064}.Debug|Any CPU.Build.0 = Debug|Any CPU
		{AF60A25A-12CD-4ADB-B85F-8E415F276064}.Debug|x64.ActiveCfg = Debug|Any CPU
		{AF60A25A-12CD-4ADB-B85F-8E415F276064}.Debug|x64.Build.0 = Debug|Any CPU
		{AF60A25A-12CD-4ADB-B85F-8E415F276064}.Debug|x86.ActiveCfg = Debug|Any CPU
		{AF60A25A-12CD-4ADB-B85F-8E415F276064}.Debug|x86.Build.0 = Debug|Any CPU
		{AF60A25A-12CD-4ADB-B85F-8E415F276064}.Release|Any CPU.ActiveCfg = Release|Any CPU
		{AF60A25A-12CD-4ADB-B85F-8E415F276064}.Release|Any CPU.Build.0 = Release|Any CPU
		{AF60A25A-12CD-4ADB-B85F-8E415F276064}.Release|x64.ActiveCfg = Release|Any CPU
		{AF60A25A-12CD-4ADB-B85F-8E415F276064}.Release|x64.Build.0 = Release|Any CPU
		{AF60A25A-12CD-4ADB-B85F-8E415F276064}.Release|x86.ActiveCfg = Release|Any CPU
		{AF60A25A-12CD-4ADB-B85F-8E415F276064}.Release|x86.Build.0 = Release|Any CPU
		{C5B2B0A0-631D-4250-8F03-8C4EC8EB5F14}.Debug|Any CPU.ActiveCfg = Debug|Any CPU
		{C5B2B0A0-631D-4250-8F03-8C4EC8EB5F14}.Debug|Any CPU.Build.0 = Debug|Any CPU
		{C5B2B0A0-631D-4250-8F03-8C4EC8EB5F14}.Debug|x64.ActiveCfg = Debug|Any CPU
		{C5B2B0A0-631D-4250-8F03-8C4EC8EB5F14}.Debug|x64.Build.0 = Debug|Any CPU
		{C5B2B0A0-631D-4250-8F03-8C4EC8EB5F14}.Debug|x86.ActiveCfg = Debug|Any CPU
		{C5B2B0A0-631D-4250-8F03-8C4EC8EB5F14}.Debug|x86.Build.0 = Debug|Any CPU
		{C5B2B0A0-631D-4250-8F03-8C4EC8EB5F14}.Release|Any CPU.ActiveCfg = Release|Any CPU
		{C5B2B0A0-631D-4250-8F03-8C4EC8EB5F14}.Release|Any CPU.Build.0 = Release|Any CPU
		{C5B2B0A0-631D-4250-8F03-8C4EC8EB5F14}.Release|x64.ActiveCfg = Release|Any CPU
		{C5B2B0A0-631D-4250-8F03-8C4EC8EB5F14}.Release|x64.Build.0 = Release|Any CPU
		{C5B2B0A0-631D-4250-8F03-8C4EC8EB5F14}.Release|x86.ActiveCfg = Release|Any CPU
		{C5B2B0A0-631D-4250-8F03-8C4EC8EB5F14}.Release|x86.Build.0 = Release|Any CPU
		{66A6EA8C-60E4-40BB-89D6-4D7AB1123205}.Debug|Any CPU.ActiveCfg = Debug|Any CPU
		{66A6EA8C-60E4-40BB-89D6-4D7AB1123205}.Debug|Any CPU.Build.0 = Debug|Any CPU
		{66A6EA8C-60E4-40BB-89D6-4D7AB1123205}.Debug|x64.ActiveCfg = Debug|Any CPU
		{66A6EA8C-60E4-40BB-89D6-4D7AB1123205}.Debug|x64.Build.0 = Debug|Any CPU
		{66A6EA8C-60E4-40BB-89D6-4D7AB1123205}.Debug|x86.ActiveCfg = Debug|Any CPU
		{66A6EA8C-60E4-40BB-89D6-4D7AB1123205}.Debug|x86.Build.0 = Debug|Any CPU
		{66A6EA8C-60E4-40BB-89D6-4D7AB1123205}.Release|Any CPU.ActiveCfg = Release|Any CPU
		{66A6EA8C-60E4-40BB-89D6-4D7AB1123205}.Release|Any CPU.Build.0 = Release|Any CPU
		{66A6EA8C-60E4-40BB-89D6-4D7AB1123205}.Release|x64.ActiveCfg = Release|Any CPU
		{66A6EA8C-60E4-40BB-89D6-4D7AB1123205}.Release|x64.Build.0 = Release|Any CPU
		{66A6EA8C-60E4-40BB-89D6-4D7AB1123205}.Release|x86.ActiveCfg = Release|Any CPU
		{66A6EA8C-60E4-40BB-89D6-4D7AB1123205}.Release|x86.Build.0 = Release|Any CPU
	EndGlobalSection
EndGlobal
